// !$*UTF8*$!
{
	archiveVersion = 1;
	classes = {
	};
	objectVersion = 48;
	objects = {

/* Begin PBXBuildFile section */
		29C86D7D204DC49900A3C9BF /* AppDelegate.swift in Sources */ = {isa = PBXBuildFile; fileRef = 29C86D7C204DC49900A3C9BF /* AppDelegate.swift */; };
		29C86D7F204DC49900A3C9BF /* ViewController.swift in Sources */ = {isa = PBXBuildFile; fileRef = 29C86D7E204DC49900A3C9BF /* ViewController.swift */; };
		29C86D82204DC49900A3C9BF /* Main.storyboard in Resources */ = {isa = PBXBuildFile; fileRef = 29C86D80204DC49900A3C9BF /* Main.storyboard */; };
		29C86D84204DC49900A3C9BF /* Assets.xcassets in Resources */ = {isa = PBXBuildFile; fileRef = 29C86D83204DC49900A3C9BF /* Assets.xcassets */; };
		29C86D87204DC49900A3C9BF /* LaunchScreen.storyboard in Resources */ = {isa = PBXBuildFile; fileRef = 29C86D85204DC49900A3C9BF /* LaunchScreen.storyboard */; };
/* End PBXBuildFile section */

/* Begin PBXFileReference section */
		2930796C204EF525003E256B /* MessageUI.framework */ = {isa = PBXFileReference; lastKnownFileType = wrapper.framework; name = MessageUI.framework; path = System/Library/Frameworks/MessageUI.framework; sourceTree = SDKROOT; };
		29C86D79204DC49900A3C9BF /* Swift Day Two App.app */ = {isa = PBXFileReference; explicitFileType = wrapper.application; includeInIndex = 0; path = "Swift Day Two App.app"; sourceTree = BUILT_PRODUCTS_DIR; };
		29C86D7C204DC49900A3C9BF /* AppDelegate.swift */ = {isa = PBXFileReference; lastKnownFileType = sourcecode.swift; path = AppDelegate.swift; sourceTree = "<group>"; };
		29C86D7E204DC49900A3C9BF /* ViewController.swift */ = {isa = PBXFileReference; lastKnownFileType = sourcecode.swift; path = ViewController.swift; sourceTree = "<group>"; };
		29C86D81204DC49900A3C9BF /* Base */ = {isa = PBXFileReference; lastKnownFileType = file.storyboard; name = Base; path = Base.lproj/Main.storyboard; sourceTree = "<group>"; };
		29C86D83204DC49900A3C9BF /* Assets.xcassets */ = {isa = PBXFileReference; lastKnownFileType = folder.assetcatalog; path = Assets.xcassets; sourceTree = "<group>"; };
		29C86D86204DC49900A3C9BF /* Base */ = {isa = PBXFileReference; lastKnownFileType = file.storyboard; name = Base; path = Base.lproj/LaunchScreen.storyboard; sourceTree = "<group>"; };
		29C86D88204DC49900A3C9BF /* Info.plist */ = {isa = PBXFileReference; lastKnownFileType = text.plist.xml; path = Info.plist; sourceTree = "<group>"; };
/* End PBXFileReference section */

/* Begin PBXFrameworksBuildPhase section */
		29C86D76204DC49900A3C9BF /* Frameworks */ = {
			isa = PBXFrameworksBuildPhase;
			buildActionMask = 2147483647;
			files = (
			);
			runOnlyForDeploymentPostprocessing = 0;
		};
/* End PBXFrameworksBuildPhase section */

/* Begin PBXGroup section */
		2930796B204EF524003E256B /* Frameworks */ = {
			isa = PBXGroup;
			children = (
				2930796C204EF525003E256B /* MessageUI.framework */,
			);
			name = Frameworks;
			sourceTree = "<group>";
		};
		29C86D70204DC49900A3C9BF = {
			isa = PBXGroup;
			children = (
				29C86D7B204DC49900A3C9BF /* Swift Day Two App */,
				29C86D7A204DC49900A3C9BF /* Products */,
				2930796B204EF524003E256B /* Frameworks */,
			);
			sourceTree = "<group>";
		};
		29C86D7A204DC49900A3C9BF /* Products */ = {
			isa = PBXGroup;
			children = (
				29C86D79204DC49900A3C9BF /* Swift Day Two App.app */,
			);
			name = Products;
			sourceTree = "<group>";
		};
		29C86D7B204DC49900A3C9BF /* Swift Day Two App */ = {
			isa = PBXGroup;
			children = (
				29C86D7C204DC49900A3C9BF /* AppDelegate.swift */,
				29C86D7E204DC49900A3C9BF /* ViewController.swift */,
				29C86D80204DC49900A3C9BF /* Main.storyboard */,
				29C86D83204DC49900A3C9BF /* Assets.xcassets */,
				29C86D85204DC49900A3C9BF /* LaunchScreen.storyboard */,
				29C86D88204DC49900A3C9BF /* Info.plist */,
			);
			path = "Swift Day Two App";
			sourceTree = "<group>";
		};
/* End PBXGroup section */

/* Begin PBXNativeTarget section */
		29C86D78204DC49900A3C9BF /* Swift Day Two App */ = {
			isa = PBXNativeTarget;
			buildConfigurationList = 29C86D8B204DC49900A3C9BF /* Build configuration list for PBXNativeTarget "Swift Day Two App" */;
			buildPhases = (
				29C86D75204DC49900A3C9BF /* Sources */,
				29C86D76204DC49900A3C9BF /* Frameworks */,
				29C86D77204DC49900A3C9BF /* Resources */,
			);
			buildRules = (
			);
			dependencies = (
			);
			name = "Swift Day Two App";
			productName = "Swift Day Two App";
			productReference = 29C86D79204DC49900A3C9BF /* Swift Day Two App.app */;
			productType = "com.apple.product-type.application";
		};
/* End PBXNativeTarget section */

/* Begin PBXProject section */
		29C86D71204DC49900A3C9BF /* Project object */ = {
			isa = PBXProject;
			attributes = {
				LastSwiftUpdateCheck = 0910;
				LastUpgradeCheck = 0910;
				ORGANIZATIONNAME = "Cinard Digital Media Institute";
				TargetAttributes = {
					29C86D78204DC49900A3C9BF = {
						CreatedOnToolsVersion = 9.1;
						LastSwiftMigration = 0910;
						ProvisioningStyle = Automatic;
					};
				};
			};
			buildConfigurationList = 29C86D74204DC49900A3C9BF /* Build configuration list for PBXProject "Swift Day Two App" */;
			compatibilityVersion = "Xcode 8.0";
			developmentRegion = en;
			hasScannedForEncodings = 0;
			knownRegions = (
				en,
				Base,
			);
			mainGroup = 29C86D70204DC49900A3C9BF;
			productRefGroup = 29C86D7A204DC49900A3C9BF /* Products */;
			projectDirPath = "";
			projectRoot = "";
			targets = (
				29C86D78204DC49900A3C9BF /* Swift Day Two App */,
			);
		};
/* End PBXProject section */

/* Begin PBXResourcesBuildPhase section */
		29C86D77204DC49900A3C9BF /* Resources */ = {
			isa = PBXResourcesBuildPhase;
			buildActionMask = 2147483647;
			files = (
				29C86D87204DC49900A3C9BF /* LaunchScreen.storyboard in Resources */,
				29C86D84204DC49900A3C9BF /* Assets.xcassets in Resources */,
				29C86D82204DC49900A3C9BF /* Main.storyboard in Resources */,
			);
			runOnlyForDeploymentPostprocessing = 0;
		};
/* End PBXResourcesBuildPhase section */

/* Begin PBXSourcesBuildPhase section */
		29C86D75204DC49900A3C9BF /* Sources */ = {
			isa = PBXSourcesBuildPhase;
			buildActionMask = 2147483647;
			files = (
				29C86D7F204DC49900A3C9BF /* ViewController.swift in Sources */,
				29C86D7D204DC49900A3C9BF /* AppDelegate.swift in Sources */,
			);
			runOnlyForDeploymentPostprocessing = 0;
		};
/* End PBXSourcesBuildPhase section */

/* Begin PBXVariantGroup section */
		29C86D80204DC49900A3C9BF /* Main.storyboard */ = {
			isa = PBXVariantGroup;
			children = (
				29C86D81204DC49900A3C9BF /* Base */,
			);
			name = Main.storyboard;
			sourceTree = "<group>";
		};
		29C86D85204DC49900A3C9BF /* LaunchScreen.storyboard */ = {
			isa = PBXVariantGroup;
			children = (
				29C86D86204DC49900A3C9BF /* Base */,
			);
			name = LaunchScreen.storyboard;
			sourceTree = "<group>";
		};
/* End PBXVariantGroup section */

/* Begin XCBuildConfiguration section */
		29C86D89204DC49900A3C9BF /* Debug */ = {
			isa = XCBuildConfiguration;
			buildSettings = {
				ALWAYS_SEARCH_USER_PATHS = NO;
				CLANG_ANALYZER_NONNULL = YES;
				CLANG_ANALYZER_NUMBER_OBJECT_CONVERSION = YES_AGGRESSIVE;
				CLANG_CXX_LANGUAGE_STANDARD = "gnu++14";
				CLANG_CXX_LIBRARY = "libc++";
				CLANG_ENABLE_MODULES = YES;
				CLANG_ENABLE_OBJC_ARC = YES;
				CLANG_WARN_BLOCK_CAPTURE_AUTORELEASING = YES;
				CLANG_WARN_BOOL_CONVERSION = YES;
				CLANG_WARN_COMMA = YES;
				CLANG_WARN_CONSTANT_CONVERSION = YES;
				CLANG_WARN_DIRECT_OBJC_ISA_USAGE = YES_ERROR;
				CLANG_WARN_DOCUMENTATION_COMMENTS = YES;
				CLANG_WARN_EMPTY_BODY = YES;
				CLANG_WARN_ENUM_CONVERSION = YES;
				CLANG_WARN_INFINITE_RECURSION = YES;
				CLANG_WARN_INT_CONVERSION = YES;
				CLANG_WARN_NON_LITERAL_NULL_CONVERSION = YES;
				CLANG_WARN_OBJC_LITERAL_CONVERSION = YES;
				CLANG_WARN_OBJC_ROOT_CLASS = YES_ERROR;
				CLANG_WARN_RANGE_LOOP_ANALYSIS = YES;
				CLANG_WARN_STRICT_PROTOTYPES = YES;
				CLANG_WARN_SUSPICIOUS_MOVE = YES;
				CLANG_WARN_UNGUARDED_AVAILABILITY = YES_AGGRESSIVE;
				CLANG_WARN_UNREACHABLE_CODE = YES;
				CLANG_WARN__DUPLICATE_METHOD_MATCH = YES;
				CODE_SIGN_IDENTITY = "iPhone Developer";
				COPY_PHASE_STRIP = NO;
				DEBUG_INFORMATION_FORMAT = dwarf;
				ENABLE_STRICT_OBJC_MSGSEND = YES;
				ENABLE_TESTABILITY = YES;
				GCC_C_LANGUAGE_STANDARD = gnu11;
				GCC_DYNAMIC_NO_PIC = NO;
				GCC_NO_COMMON_BLOCKS = YES;
				GCC_OPTIMIZATION_LEVEL = 0;
				GCC_PREPROCESSOR_DEFINITIONS = (
					"DEBUG=1",
					"$(inherited)",
				);
				GCC_WARN_64_TO_32_BIT_CONVERSION = YES;
				GCC_WARN_ABOUT_RETURN_TYPE = YES_ERROR;
				GCC_WARN_UNDECLARED_SELECTOR = YES;
				GCC_WARN_UNINITIALIZED_AUTOS = YES_AGGRESSIVE;
				GCC_WARN_UNUSED_FUNCTION = YES;
				GCC_WARN_UNUSED_VARIABLE = YES;
				IPHONEOS_DEPLOYMENT_TARGET = 11.1;
				MTL_ENABLE_DEBUG_INFO = YES;
				ONLY_ACTIVE_ARCH = YES;
				SDKROOT = iphoneos;
				SWIFT_ACTIVE_COMPILATION_CONDITIONS = DEBUG;
				SWIFT_OPTIMIZATION_LEVEL = "-Onone";
			};
			name = Debug;
		};
		29C86D8A204DC49900A3C9BF /* Release */ = {
			isa = XCBuildConfiguration;
			buildSettings = {
				ALWAYS_SEARCH_USER_PATHS = NO;
				CLANG_ANALYZER_NONNULL = YES;
				CLANG_ANALYZER_NUMBER_OBJECT_CONVERSION = YES_AGGRESSIVE;
				CLANG_CXX_LANGUAGE_STANDARD = "gnu++14";
				CLANG_CXX_LIBRARY = "libc++";
				CLANG_ENABLE_MODULES = YES;
				CLANG_ENABLE_OBJC_ARC = YES;
				CLANG_WARN_BLOCK_CAPTURE_AUTORELEASING = YES;
				CLANG_WARN_BOOL_CONVERSION = YES;
				CLANG_WARN_COMMA = YES;
				CLANG_WARN_CONSTANT_CONVERSION = YES;
				CLANG_WARN_DIRECT_OBJC_ISA_USAGE = YES_ERROR;
				CLANG_WARN_DOCUMENTATION_COMMENTS = YES;
				CLANG_WARN_EMPTY_BODY = YES;
				CLANG_WARN_ENUM_CONVERSION = YES;
				CLANG_WARN_INFINITE_RECURSION = YES;
				CLANG_WARN_INT_CONVERSION = YES;
				CLANG_WARN_NON_LITERAL_NULL_CONVERSION = YES;
				CLANG_WARN_OBJC_LITERAL_CONVERSION = YES;
				CLANG_WARN_OBJC_ROOT_CLASS = YES_ERROR;
				CLANG_WARN_RANGE_LOOP_ANALYSIS = YES;
				CLANG_WARN_STRICT_PROTOTYPES = YES;
				CLANG_WARN_SUSPICIOUS_MOVE = YES;
				CLANG_WARN_UNGUARDED_AVAILABILITY = YES_AGGRESSIVE;
				CLANG_WARN_UNREACHABLE_CODE = YES;
				CLANG_WARN__DUPLICATE_METHOD_MATCH = YES;
				CODE_SIGN_IDENTITY = "iPhone Developer";
				COPY_PHASE_STRIP = NO;
				DEBUG_INFORMATION_FORMAT = "dwarf-with-dsym";
				ENABLE_NS_ASSERTIONS = NO;
				ENABLE_STRICT_OBJC_MSGSEND = YES;
				GCC_C_LANGUAGE_STANDARD = gnu11;
				GCC_NO_COMMON_BLOCKS = YES;
				GCC_WARN_64_TO_32_BIT_CONVERSION = YES;
				GCC_WARN_ABOUT_RETURN_TYPE = YES_ERROR;
				GCC_WARN_UNDECLARED_SELECTOR = YES;
				GCC_WARN_UNINITIALIZED_AUTOS = YES_AGGRESSIVE;
				GCC_WARN_UNUSED_FUNCTION = YES;
				GCC_WARN_UNUSED_VARIABLE = YES;
				IPHONEOS_DEPLOYMENT_TARGET = 11.1;
				MTL_ENABLE_DEBUG_INFO = NO;
				SDKROOT = iphoneos;
				SWIFT_OPTIMIZATION_LEVEL = "-Owholemodule";
				VALIDATE_PRODUCT = YES;
			};
			name = Release;
		};
		29C86D8C204DC49900A3C9BF /* Debug */ = {
			isa = XCBuildConfiguration;
			buildSettings = {
				ASSETCATALOG_COMPILER_APPICON_NAME = AppIcon;
				CLANG_ENABLE_MODULES = YES;
				CODE_SIGN_STYLE = Automatic;
				DEVELOPMENT_TEAM = K5PX54PSAX;
				INFOPLIST_FILE = "Swift Day Two App/Info.plist";
				LD_RUNPATH_SEARCH_PATHS = "$(inherited) @executable_path/Frameworks";
				PRODUCT_BUNDLE_IDENTIFIER = "ca.cinard.Swift-Day-Two-App";
				PRODUCT_NAME = "$(TARGET_NAME)";
				SWIFT_OBJC_BRIDGING_HEADER = "";
				SWIFT_OPTIMIZATION_LEVEL = "-Onone";
				SWIFT_VERSION = 4.0;
				TARGETED_DEVICE_FAMILY = "1,2";
			};
			name = Debug;
		};
		29C86D8D204DC49900A3C9BF /* Release */ = {
			isa = XCBuildConfiguration;
			buildSettings = {
				ASSETCATALOG_COMPILER_APPICON_NAME = AppIcon;
				CLANG_ENABLE_MODULES = YES;
				CODE_SIGN_STYLE = Automatic;
				DEVELOPMENT_TEAM = K5PX54PSAX;
				INFOPLIST_FILE = "Swift Day Two App/Info.plist";
				LD_RUNPATH_SEARCH_PATHS = "$(inherited) @executable_path/Frameworks";
				PRODUCT_BUNDLE_IDENTIFIER = "ca.cinard.Swift-Day-Two-App";
				PRODUCT_NAME = "$(TARGET_NAME)";
				SWIFT_OBJC_BRIDGING_HEADER = "";
				SWIFT_VERSION = 4.0;
				TARGETED_DEVICE_FAMILY = "1,2";
			};
			name = Release;
		};
/* End XCBuildConfiguration section */

/* Begin XCConfigurationList section */
		29C86D74204DC49900A3C9BF /* Build configuration list for PBXProject "Swift Day Two App" */ = {
			isa = XCConfigurationList;
			buildConfigurations = (
				29C86D89204DC49900A3C9BF /* Debug */,
				29C86D8A204DC49900A3C9BF /* Release */,
			);
			defaultConfigurationIsVisible = 0;
			defaultConfigurationName = Release;
		};
		29C86D8B204DC49900A3C9BF /* Build configuration list for PBXNativeTarget "Swift Day Two App" */ = {
			isa = XCConfigurationList;
			buildConfigurations = (
				29C86D8C204DC49900A3C9BF /* Debug */,
				29C86D8D204DC49900A3C9BF /* Release */,
			);
			defaultConfigurationIsVisible = 0;
			defaultConfigurationName = Release;
		};
/* End XCConfigurationList section */
	};
	rootObject = 29C86D71204DC49900A3C9BF /* Project object */;
}
